
Microsoft Visual Studio Solution File, Format Version 12.00
# Visual Studio Version 17
VisualStudioVersion = 17.7.34031.279
MinimumVisualStudioVersion = 10.0.40219.1
Project("{FAE04EC0-301F-11D3-BF4B-00C04F79EFBC}") = "Lab6", "Lab6\Lab6.csproj", "{F24077D3-B5DD-4FA0-A64D-7B1D6F5340CC}"
EndProject
Global
	GlobalSection(SolutionConfigurationPlatforms) = preSolution
		Debug|Any CPU = Debug|Any CPU
		Release|Any CPU = Release|Any CPU
	EndGlobalSection
	GlobalSection(ProjectConfigurationPlatforms) = postSolution
		{F24077D3-B5DD-4FA0-A64D-7B1D6F5340CC}.Debug|Any CPU.ActiveCfg = Debug|Any CPU
		{F24077D3-B5DD-4FA0-A64D-7B1D6F5340CC}.Debug|Any CPU.Build.0 = Debug|Any CPU
		{F24077D3-B5DD-4FA0-A64D-7B1D6F5340CC}.Release|Any CPU.ActiveCfg = Release|Any CPU
		{F24077D3-B5DD-4FA0-A64D-7B1D6F5340CC}.Release|Any CPU.Build.0 = Release|Any CPU
	EndGlobalSection
	GlobalSection(SolutionProperties) = preSolution
		HideSolutionNode = FALSE
	EndGlobalSection
	GlobalSection(ExtensibilityGlobals) = postSolution
		SolutionGuid = {8AF46312-3907-4310-80CD-9F1DB80DC23E}
	EndGlobalSection
EndGlobal
